
Microsoft Visual Studio Solution File, Format Version 12.00
# Visual Studio Version 17
VisualStudioVersion = 17.5.33627.172
MinimumVisualStudioVersion = 10.0.40219.1
Project("{FAE04EC0-301F-11D3-BF4B-00C04F79EFBC}") = "SpokeToTheManager", "SpokeToTheManager\SpokeToTheManager.csproj", "{39761B51-9960-4F72-AF01-A45F12213ECF}"
EndProject
Global
	GlobalSection(SolutionConfigurationPlatforms) = preSolution
		Debug|Any CPU = Debug|Any CPU
		Release|Any CPU = Release|Any CPU
	EndGlobalSection
	GlobalSection(ProjectConfigurationPlatforms) = postSolution
		{39761B51-9960-4F72-AF01-A45F12213ECF}.Debug|Any CPU.ActiveCfg = Debug|Any CPU
		{39761B51-9960-4F72-AF01-A45F12213ECF}.Debug|Any CPU.Build.0 = Debug|Any CPU
		{39761B51-9960-4F72-AF01-A45F12213ECF}.Release|Any CPU.ActiveCfg = Release|Any CPU
		{39761B51-9960-4F72-AF01-A45F12213ECF}.Release|Any CPU.Build.0 = Release|Any CPU
	EndGlobalSection
	GlobalSection(SolutionProperties) = preSolution
		HideSolutionNode = FALSE
	EndGlobalSection
	GlobalSection(ExtensibilityGlobals) = postSolution
		SolutionGuid = {68D0F6AA-D209-4D5D-88CB-928DFAE5A33A}
	EndGlobalSection
EndGlobal
